{
  "name": "sismos-ve",
  "version": "2.0.0",
  "lockfileVersion": 3,
  "requires": true,
  "packages": {
    "": {
      "name": "sismos-ve",
      "version": "2.0.0",
      "license": "MIT",
      "dependencies": {
        "seisplotjs-miniseed": "^1.2.1",
        "ws": "^8.18.3"
      }
    },
    "node_modules/moment": {
      "version": "2.30.1",
      "resolved": "https://registry.npmjs.org/moment/-/moment-2.30.1.tgz",
      "integrity": "sha512-uEmtNhbDOrWPFS+hdjFCBfy9f2YoyzRpwcl+DqpC6taX21FzsTLQVbMV/W7PzNSX6x/bhC1zA3c2UQ5NzH6how==",
      "license": "MIT",
      "engines": {
        "node": "*"
      }
    },
    "node_modules/moment-timezone": {
      "version": "0.5.48",
      "resolved": "https://registry.npmjs.org/moment-timezone/-/moment-timezone-0.5.48.tgz",
      "integrity": "sha512-f22b8LV1gbTO2ms2j2z13MuPogNoh5UzxL3nzNAYKGraILnbGc9NEE6dyiiiLv46DGRb8A4kg8UKWLjPthxBHw==",
      "license": "MIT",
      "dependencies": {
        "moment": "^2.29.4"
      },
      "engines": {
        "node": "*"
      }
    },
    "node_modules/seisplotjs-miniseed": {
      "version": "1.2.1",
      "resolved": "https://registry.npmjs.org/seisplotjs-miniseed/-/seisplotjs-miniseed-1.2.1.tgz",
      "integrity": "sha512-b4SFR+NFz4Ec72Kbbc2yjm06tgYGFkX7zDWUhDoTUUyxNlI8i5YybsL43X+pMPVP5f1NKrXf5N9lVUWB5riaqg==",
      "deprecated": "Warning: this package has been move into seisplotjs@2.0. Please install using seisplotjs instaed.",
      "license": "MIT",
      "dependencies": {
        "seisplotjs-model": "^1.2.0",
        "seisplotjs-seedcodec": "^1.0.3"
      }
    },
    "node_modules/seisplotjs-model": {
      "version": "1.2.0",
      "resolved": "https://registry.npmjs.org/seisplotjs-model/-/seisplotjs-model-1.2.0.tgz",
      "integrity": "sha512-kAfJdTQpHf8vcuXshbDJCxjkhI26tijWszaiYjbZPH9Vnds4HUWfcrA6R9rc8HEdEELiJiFRV+XAVppYRTc7xA==",
      "deprecated": "Warning: this package has been move into seisplotjs@2.0. Please install using seisplotjs instaed.",
      "license": "MIT",
      "dependencies": {
        "moment": "^2.22.2",
        "moment-timezone": "^0.5.20"
      }
    },
    "node_modules/seisplotjs-seedcodec": {
      "version": "1.0.3",
      "resolved": "https://registry.npmjs.org/seisplotjs-seedcodec/-/seisplotjs-seedcodec-1.0.3.tgz",
      "integrity": "sha512-HR0a0lfhb7ALhQPUYlPJSv0jJUALIXneAoFi4MCboQiksCTpkXBSFrf/nQgFYyah9P0JwviAUOdw0+Z/fxQG3A==",
      "deprecated": "Warning: this package has been move into seisplotjs@2.0. Please install using seisplotjs instaed.",
      "license": "MIT"
    },
    "node_modules/ws": {
      "version": "8.21.1",
      "resolved": "https://registry.npmjs.org/ws/-/ws-8.21.1.tgz",
      "integrity": "sha512-+0NTnW77fFN/DjQi6k/Sq/Yvk4Sgajw7urW8V+asjXnRgDs9gyGkdb7EzgfhA4goXsRIZKE28fzIXBHEzhuiWw==",
      "license": "MIT",
      "engines": {
        "node": ">=10.0.0"
      },
      "peerDependencies": {
        "bufferutil": "^4.0.1",
        "utf-8-validate": ">=5.0.2"
      },
      "peerDependenciesMeta": {
        "bufferutil": {
          "optional": true
        },
        "utf-8-validate": {
          "optional": true
        }
      }
    }
  }
}
